Microsoft Visual Studio Solution File, Format Version 12.00
# Visual Studio Version 16
VisualStudioVersion = 16.0.29920.165
MinimumVisualStudioVersion = 15.0.26124.0
Project("{2150E333-8FDC-42A3-9474-1A3956D46DE8}") = "src", "src", "{E4780C6B-DA45-45E7-93DF-F9FBB9E38D6F}"
EndProject
Project("{9A19103F-16F7-4668-BE54-9A1E7A4F7556}") = "THNETII.GitHubActions.SampleConsole", "sample\THNETII.GitHubActions.SampleConsole\THNETII.GitHubActions.SampleConsole.csproj", "{C784A422-1CE2-4CF6-A413-5F8BFCE5A10F}"
EndProject
Project("{2150E333-8FDC-42A3-9474-1A3956D46DE8}") = "Solution Items", "Solution Items", "{7C5805A1-0E84-4185-BC92-7C69FA9E67A6}"
	ProjectSection(SolutionItems) = preProject
		.editorconfig = .editorconfig
		.gitattributes = .gitattributes
		.gitignore = .gitignore
		.gitmodules = .gitmodules
		AllRules.ruleset = AllRules.ruleset
		Directory.Build.props = Directory.Build.props
		Directory.Build.targets = Directory.Build.targets
		Directory.Meta.props = Directory.Meta.props
		LICENSE = LICENSE
	EndProjectSection
EndProject
Project("{9A19103F-16F7-4668-BE54-9A1E7A4F7556}") = "THNETII.GitHubActions.Toolkit.Core", "src\THNETII.GitHubActions.Toolkit.Core\THNETII.GitHubActions.Toolkit.Core.csproj", "{FE3BF469-F695-4774-B8EE-7EF3C301B65A}"
EndProject
Project("{9A19103F-16F7-4668-BE54-9A1E7A4F7556}") = "THNETII.GitHubActions.MSBuild.Logger", "src\THNETII.GitHubActions.MSBuild.Logger\THNETII.GitHubActions.MSBuild.Logger.csproj", "{001308E3-3410-4A7F-B09C-E8E5429EB019}"
EndProject
Project("{2150E333-8FDC-42A3-9474-1A3956D46DE8}") = "sample", "sample", "{70BF9732-8379-4B86-AD38-43390068756F}"
EndProject
Global
	GlobalSection(SolutionConfigurationPlatforms) = preSolution
		Debug|Any CPU = Debug|Any CPU
		Debug|x64 = Debug|x64
		Debug|x86 = Debug|x86
		Release|Any CPU = Release|Any CPU
		Release|x64 = Release|x64
		Release|x86 = Release|x86
	EndGlobalSection
	GlobalSection(ProjectConfigurationPlatforms) = postSolution
		{C784A422-1CE2-4CF6-A413-5F8BFCE5A10F}.Debug|Any CPU.ActiveCfg = Debug|Any CPU
		{C784A422-1CE2-4CF6-A413-5F8BFCE5A10F}.Debug|Any CPU.Build.0 = Debug|Any CPU
		{C784A422-1CE2-4CF6-A413-5F8BFCE5A10F}.Debug|x64.ActiveCfg = Debug|Any CPU
		{C784A422-1CE2-4CF6-A413-5F8BFCE5A10F}.Debug|x64.Build.0 = Debug|Any CPU
		{C784A422-1CE2-4CF6-A413-5F8BFCE5A10F}.Debug|x86.ActiveCfg = Debug|Any CPU
		{C784A422-1CE2-4CF6-A413-5F8BFCE5A10F}.Debug|x86.Build.0 = Debug|Any CPU
		{C784A422-1CE2-4CF6-A413-5F8BFCE5A10F}.Release|Any CPU.ActiveCfg = Release|Any CPU
		{C784A422-1CE2-4CF6-A413-5F8BFCE5A10F}.Release|Any CPU.Build.0 = Release|Any CPU
		{C784A422-1CE2-4CF6-A413-5F8BFCE5A10F}.Release|x64.ActiveCfg = Release|Any CPU
		{C784A422-1CE2-4CF6-A413-5F8BFCE5A10F}.Release|x64.Build.0 = Release|Any CPU
		{C784A422-1CE2-4CF6-A413-5F8BFCE5A10F}.Release|x86.ActiveCfg = Release|Any CPU
		{C784A422-1CE2-4CF6-A413-5F8BFCE5A10F}.Release|x86.Build.0 = Release|Any CPU
		{FE3BF469-F695-4774-B8EE-7EF3C301B65A}.Debug|Any CPU.ActiveCfg = Debug|Any CPU
		{FE3BF469-F695-4774-B8EE-7EF3C301B65A}.Debug|Any CPU.Build.0 = Debug|Any CPU
		{FE3BF469-F695-4774-B8EE-7EF3C301B65A}.Debug|x64.ActiveCfg = Debug|Any CPU
		{FE3BF469-F695-4774-B8EE-7EF3C301B65A}.Debug|x64.Build.0 = Debug|Any CPU
		{FE3BF469-F695-4774-B8EE-7EF3C301B65A}.Debug|x86.ActiveCfg = Debug|Any CPU
		{FE3BF469-F695-4774-B8EE-7EF3C301B65A}.Debug|x86.Build.0 = Debug|Any CPU
		{FE3BF469-F695-4774-B8EE-7EF3C301B65A}.Release|Any CPU.ActiveCfg = Release|Any CPU
		{FE3BF469-F695-4774-B8EE-7EF3C301B65A}.Release|Any CPU.Build.0 = Release|Any CPU
		{FE3BF469-F695-4774-B8EE-7EF3C301B65A}.Release|x64.ActiveCfg = Release|Any CPU
		{FE3BF469-F695-4774-B8EE-7EF3C301B65A}.Release|x64.Build.0 = Release|Any CPU
		{FE3BF469-F695-4774-B8EE-7EF3C301B65A}.Release|x86.ActiveCfg = Release|Any CPU
		{FE3BF469-F695-4774-B8EE-7EF3C301B65A}.Release|x86.Build.0 = Release|Any CPU
		{001308E3-3410-4A7F-B09C-E8E5429EB019}.Debug|Any CPU.ActiveCfg = Debug|Any CPU
		{001308E3-3410-4A7F-B09C-E8E5429EB019}.Debug|Any CPU.Build.0 = Debug|Any CPU
		{001308E3-3410-4A7F-B09C-E8E5429EB019}.Debug|x64.ActiveCfg = Debug|Any CPU
		{001308E3-3410-4A7F-B09C-E8E5429EB019}.Debug|x64.Build.0 = Debug|Any CPU
		{001308E3-3410-4A7F-B09C-E8E5429EB019}.Debug|x86.ActiveCfg = Debug|Any CPU
		{001308E3-3410-4A7F-B09C-E8E5429EB019}.Debug|x86.Build.0 = Debug|Any CPU
		{001308E3-3410-4A7F-B09C-E8E5429EB019}.Release|Any CPU.ActiveCfg = Release|Any CPU
		{001308E3-3410-4A7F-B09C-E8E5429EB019}.Release|Any CPU.Build.0 = Release|Any CPU
		{001308E3-3410-4A7F-B09C-E8E5429EB019}.Release|x64.ActiveCfg = Release|Any CPU
		{001308E3-3410-4A7F-B09C-E8E5429EB019}.Release|x64.Build.0 = Release|Any CPU
		{001308E3-3410-4A7F-B09C-E8E5429EB019}.Release|x86.ActiveCfg = Release|Any CPU
		{001308E3-3410-4A7F-B09C-E8E5429EB019}.Release|x86.Build.0 = Release|Any CPU
	EndGlobalSection
	GlobalSection(SolutionProperties) = preSolution
		HideSolutionNode = FALSE
	EndGlobalSection
	GlobalSection(NestedProjects) = preSolution
		{C784A422-1CE2-4CF6-A413-5F8BFCE5A10F} = {70BF9732-8379-4B86-AD38-43390068756F}
		{FE3BF469-F695-4774-B8EE-7EF3C301B65A} = {E4780C6B-DA45-45E7-93DF-F9FBB9E38D6F}
		{001308E3-3410-4A7F-B09C-E8E5429EB019} = {E4780C6B-DA45-45E7-93DF-F9FBB9E38D6F}
	EndGlobalSection
	GlobalSection(ExtensibilityGlobals) = postSolution
		SolutionGuid = {4F2F817D-A134-4B55-AE5A-03181EFC020D}
	EndGlobalSection
EndGlobal
